// !$*UTF8*$!
{
	archiveVersion = 1;
	classes = {
	};
	objectVersion = 50;
	objects = {

/* Begin PBXBuildFile section */
		767085E82405B7C9007F20FC /* AppDelegate.swift in Sources */ = {isa = PBXBuildFile; fileRef = 767085E72405B7C9007F20FC /* AppDelegate.swift */; };
		767085EA2405B7C9007F20FC /* SceneDelegate.swift in Sources */ = {isa = PBXBuildFile; fileRef = 767085E92405B7C9007F20FC /* SceneDelegate.swift */; };
		767085EC2405B7C9007F20FC /* ViewController.swift in Sources */ = {isa = PBXBuildFile; fileRef = 767085EB2405B7C9007F20FC /* ViewController.swift */; };
		767085EF2405B7C9007F20FC /* Main.storyboard in Resources */ = {isa = PBXBuildFile; fileRef = 767085ED2405B7C9007F20FC /* Main.storyboard */; };
		767085F12405B7CB007F20FC /* Assets.xcassets in Resources */ = {isa = PBXBuildFile; fileRef = 767085F02405B7CB007F20FC /* Assets.xcassets */; };
		767085F42405B7CB007F20FC /* LaunchScreen.storyboard in Resources */ = {isa = PBXBuildFile; fileRef = 767085F22405B7CB007F20FC /* LaunchScreen.storyboard */; };
		767085FF2405B7CB007F20FC /* AppUnitTests.swift in Sources */ = {isa = PBXBuildFile; fileRef = 767085FE2405B7CB007F20FC /* AppUnitTests.swift */; };
/* End PBXBuildFile section */

/* Begin PBXContainerItemProxy section */
		767085FB2405B7CB007F20FC /* PBXContainerItemProxy */ = {
			isa = PBXContainerItemProxy;
			containerPortal = 767085DC2405B7C9007F20FC /* Project object */;
			proxyType = 1;
			remoteGlobalIDString = 767085E32405B7C9007F20FC;
			remoteInfo = AppUnit;
		};
/* End PBXContainerItemProxy section */

/* Begin PBXFileReference section */
		767085E42405B7C9007F20FC /* AppUnit.app */ = {isa = PBXFileReference; explicitFileType = wrapper.application; includeInIndex = 0; path = AppUnit.app; sourceTree = BUILT_PRODUCTS_DIR; };
		767085E72405B7C9007F20FC /* AppDelegate.swift */ = {isa = PBXFileReference; lastKnownFileType = sourcecode.swift; path = AppDelegate.swift; sourceTree = "<group>"; };
		767085E92405B7C9007F20FC /* SceneDelegate.swift */ = {isa = PBXFileReference; lastKnownFileType = sourcecode.swift; path = SceneDelegate.swift; sourceTree = "<group>"; };
		767085EB2405B7C9007F20FC /* ViewController.swift */ = {isa = PBXFileReference; lastKnownFileType = sourcecode.swift; path = ViewController.swift; sourceTree = "<group>"; };
		767085EE2405B7C9007F20FC /* Base */ = {isa = PBXFileReference; lastKnownFileType = file.storyboard; name = Base; path = Base.lproj/Main.storyboard; sourceTree = "<group>"; };
		767085F02405B7CB007F20FC /* Assets.xcassets */ = {isa = PBXFileReference; lastKnownFileType = folder.assetcatalog; path = Assets.xcassets; sourceTree = "<group>"; };
		767085F32405B7CB007F20FC /* Base */ = {isa = PBXFileReference; lastKnownFileType = file.storyboard; name = Base; path = Base.lproj/LaunchScreen.storyboard; sourceTree = "<group>"; };
		767085F52405B7CB007F20FC /* Info.plist */ = {isa = PBXFileReference; lastKnownFileType = text.plist.xml; path = Info.plist; sourceTree = "<group>"; };
		767085FA2405B7CB007F20FC /* AppUnitTests.xctest */ = {isa = PBXFileReference; explicitFileType = wrapper.cfbundle; includeInIndex = 0; path = AppUnitTests.xctest; sourceTree = BUILT_PRODUCTS_DIR; };
		767085FE2405B7CB007F20FC /* AppUnitTests.swift */ = {isa = PBXFileReference; lastKnownFileType = sourcecode.swift; path = AppUnitTests.swift; sourceTree = "<group>"; };
		767086002405B7CB007F20FC /* Info.plist */ = {isa = PBXFileReference; lastKnownFileType = text.plist.xml; path = Info.plist; sourceTree = "<group>"; };
/* End PBXFileReference section */

/* Begin PBXFrameworksBuildPhase section */
		767085E12405B7C9007F20FC /* Frameworks */ = {
			isa = PBXFrameworksBuildPhase;
			buildActionMask = 2147483647;
			files = (
			);
			runOnlyForDeploymentPostprocessing = 0;
		};
		767085F72405B7CB007F20FC /* Frameworks */ = {
			isa = PBXFrameworksBuildPhase;
			buildActionMask = 2147483647;
			files = (
			);
			runOnlyForDeploymentPostprocessing = 0;
		};
/* End PBXFrameworksBuildPhase section */

/* Begin PBXGroup section */
		767085DB2405B7C9007F20FC = {
			isa = PBXGroup;
			children = (
				767085E62405B7C9007F20FC /* AppUnit */,
				767085FD2405B7CB007F20FC /* AppUnitTests */,
				767085E52405B7C9007F20FC /* Products */,
			);
			sourceTree = "<group>";
		};
		767085E52405B7C9007F20FC /* Products */ = {
			isa = PBXGroup;
			children = (
				767085E42405B7C9007F20FC /* AppUnit.app */,
				767085FA2405B7CB007F20FC /* AppUnitTests.xctest */,
			);
			name = Products;
			sourceTree = "<group>";
		};
		767085E62405B7C9007F20FC /* AppUnit */ = {
			isa = PBXGroup;
			children = (
				767085E72405B7C9007F20FC /* AppDelegate.swift */,
				767085E92405B7C9007F20FC /* SceneDelegate.swift */,
				767085EB2405B7C9007F20FC /* ViewController.swift */,
				767085ED2405B7C9007F20FC /* Main.storyboard */,
				767085F02405B7CB007F20FC /* Assets.xcassets */,
				767085F22405B7CB007F20FC /* LaunchScreen.storyboard */,
				767085F52405B7CB007F20FC /* Info.plist */,
			);
			path = AppUnit;
			sourceTree = "<group>";
		};
		767085FD2405B7CB007F20FC /* AppUnitTests */ = {
			isa = PBXGroup;
			children = (
				767085FE2405B7CB007F20FC /* AppUnitTests.swift */,
				767086002405B7CB007F20FC /* Info.plist */,
			);
			path = AppUnitTests;
			sourceTree = "<group>";
		};
/* End PBXGroup section */

/* Begin PBXNativeTarget section */
		767085E32405B7C9007F20FC /* AppUnit */ = {
			isa = PBXNativeTarget;
			buildConfigurationList = 767086032405B7CB007F20FC /* Build configuration list for PBXNativeTarget "AppUnit" */;
			buildPhases = (
				767085E02405B7C9007F20FC /* Sources */,
				767085E12405B7C9007F20FC /* Frameworks */,
				767085E22405B7C9007F20FC /* Resources */,
			);
			buildRules = (
			);
			dependencies = (
			);
			name = AppUnit;
			productName = AppUnit;
			productReference = 767085E42405B7C9007F20FC /* AppUnit.app */;
			productType = "com.apple.product-type.application";
		};
		767085F92405B7CB007F20FC /* AppUnitTests */ = {
			isa = PBXNativeTarget;
			buildConfigurationList = 767086062405B7CB007F20FC /* Build configuration list for PBXNativeTarget "AppUnitTests" */;
			buildPhases = (
				767085F62405B7CB007F20FC /* Sources */,
				767085F72405B7CB007F20FC /* Frameworks */,
				767085F82405B7CB007F20FC /* Resources */,
			);
			buildRules = (
			);
			dependencies = (
				767085FC2405B7CB007F20FC /* PBXTargetDependency */,
			);
			name = AppUnitTests;
			productName = AppUnitTests;
			productReference = 767085FA2405B7CB007F20FC /* AppUnitTests.xctest */;
			productType = "com.apple.product-type.bundle.unit-test";
		};
/* End PBXNativeTarget section */

/* Begin PBXProject section */
		767085DC2405B7C9007F20FC /* Project object */ = {
			isa = PBXProject;
			attributes = {
				LastSwiftUpdateCheck = 1130;
				LastUpgradeCheck = 1130;
				ORGANIZATIONNAME = "Roy Quesada";
				TargetAttributes = {
					767085E32405B7C9007F20FC = {
						CreatedOnToolsVersion = 11.3.1;
					};
					767085F92405B7CB007F20FC = {
						CreatedOnToolsVersion = 11.3.1;
						TestTargetID = 767085E32405B7C9007F20FC;
					};
				};
			};
			buildConfigurationList = 767085DF2405B7C9007F20FC /* Build configuration list for PBXProject "AppUnit" */;
			compatibilityVersion = "Xcode 9.3";
			developmentRegion = en;
			hasScannedForEncodings = 0;
			knownRegions = (
				en,
				Base,
			);
			mainGroup = 767085DB2405B7C9007F20FC;
			productRefGroup = 767085E52405B7C9007F20FC /* Products */;
			projectDirPath = "";
			projectRoot = "";
			targets = (
				767085E32405B7C9007F20FC /* AppUnit */,
				767085F92405B7CB007F20FC /* AppUnitTests */,
			);
		};
/* End PBXProject section */

/* Begin PBXResourcesBuildPhase section */
		767085E22405B7C9007F20FC /* Resources */ = {
			isa = PBXResourcesBuildPhase;
			buildActionMask = 2147483647;
			files = (
				767085F42405B7CB007F20FC /* LaunchScreen.storyboard in Resources */,
				767085F12405B7CB007F20FC /* Assets.xcassets in Resources */,
				767085EF2405B7C9007F20FC /* Main.storyboard in Resources */,
			);
			runOnlyForDeploymentPostprocessing = 0;
		};
		767085F82405B7CB007F20FC /* Resources */ = {
			isa = PBXResourcesBuildPhase;
			buildActionMask = 2147483647;
			files = (
			);
			runOnlyForDeploymentPostprocessing = 0;
		};
/* End PBXResourcesBuildPhase section */

/* Begin PBXSourcesBuildPhase section */
		767085E02405B7C9007F20FC /* Sources */ = {
			isa = PBXSourcesBuildPhase;
			buildActionMask = 2147483647;
			files = (
				767085EC2405B7C9007F20FC /* ViewController.swift in Sources */,
				767085E82405B7C9007F20FC /* AppDelegate.swift in Sources */,
				767085EA2405B7C9007F20FC /* SceneDelegate.swift in Sources */,
			);
			runOnlyForDeploymentPostprocessing = 0;
		};
		767085F62405B7CB007F20FC /* Sources */ = {
			isa = PBXSourcesBuildPhase;
			buildActionMask = 2147483647;
			files = (
				767085FF2405B7CB007F20FC /* AppUnitTests.swift in Sources */,
			);
			runOnlyForDeploymentPostprocessing = 0;
		};
/* End PBXSourcesBuildPhase section */

/* Begin PBXTargetDependency section */
		767085FC2405B7CB007F20FC /* PBXTargetDependency */ = {
			isa = PBXTargetDependency;
			target = 767085E32405B7C9007F20FC /* AppUnit */;
			targetProxy = 767085FB2405B7CB007F20FC /* PBXContainerItemProxy */;
		};
/* End PBXTargetDependency section */

/* Begin PBXVariantGroup section */
		767085ED2405B7C9007F20FC /* Main.storyboard */ = {
			isa = PBXVariantGroup;
			children = (
				767085EE2405B7C9007F20FC /* Base */,
			);
			name = Main.storyboard;
			sourceTree = "<group>";
		};
		767085F22405B7CB007F20FC /* LaunchScreen.storyboard */ = {
			isa = PBXVariantGroup;
			children = (
				767085F32405B7CB007F20FC /* Base */,
			);
			name = LaunchScreen.storyboard;
			sourceTree = "<group>";
		};
/* End PBXVariantGroup section */

/* Begin XCBuildConfiguration section */
		767086012405B7CB007F20FC /* Debug */ = {
			isa = XCBuildConfiguration;
			buildSettings = {
				ALWAYS_SEARCH_USER_PATHS = NO;
				CLANG_ANALYZER_NONNULL = YES;
				CLANG_ANALYZER_NUMBER_OBJECT_CONVERSION = YES_AGGRESSIVE;
				CLANG_CXX_LANGUAGE_STANDARD = "gnu++14";
				CLANG_CXX_LIBRARY = "libc++";
				CLANG_ENABLE_MODULES = YES;
				CLANG_ENABLE_OBJC_ARC = YES;
				CLANG_ENABLE_OBJC_WEAK = YES;
				CLANG_WARN_BLOCK_CAPTURE_AUTORELEASING = YES;
				CLANG_WARN_BOOL_CONVERSION = YES;
				CLANG_WARN_COMMA = YES;
				CLANG_WARN_CONSTANT_CONVERSION = YES;
				CLANG_WARN_DEPRECATED_OBJC_IMPLEMENTATIONS = YES;
				CLANG_WARN_DIRECT_OBJC_ISA_USAGE = YES_ERROR;
				CLANG_WARN_DOCUMENTATION_COMMENTS = YES;
				CLANG_WARN_EMPTY_BODY = YES;
				CLANG_WARN_ENUM_CONVERSION = YES;
				CLANG_WARN_INFINITE_RECURSION = YES;
				CLANG_WARN_INT_CONVERSION = YES;
				CLANG_WARN_NON_LITERAL_NULL_CONVERSION = YES;
				CLANG_WARN_OBJC_IMPLICIT_RETAIN_SELF = YES;
				CLANG_WARN_OBJC_LITERAL_CONVERSION = YES;
				CLANG_WARN_OBJC_ROOT_CLASS = YES_ERROR;
				CLANG_WARN_RANGE_LOOP_ANALYSIS = YES;
				CLANG_WARN_STRICT_PROTOTYPES = YES;
				CLANG_WARN_SUSPICIOUS_MOVE = YES;
				CLANG_WARN_UNGUARDED_AVAILABILITY = YES_AGGRESSIVE;
				CLANG_WARN_UNREACHABLE_CODE = YES;
				CLANG_WARN__DUPLICATE_METHOD_MATCH = YES;
				COPY_PHASE_STRIP = NO;
				DEBUG_INFORMATION_FORMAT = dwarf;
				ENABLE_STRICT_OBJC_MSGSEND = YES;
				ENABLE_TESTABILITY = YES;
				GCC_C_LANGUAGE_STANDARD = gnu11;
				GCC_DYNAMIC_NO_PIC = NO;
				GCC_NO_COMMON_BLOCKS = YES;
				GCC_OPTIMIZATION_LEVEL = 0;
				GCC_PREPROCESSOR_DEFINITIONS = (
					"DEBUG=1",
					"$(inherited)",
				);
				GCC_WARN_64_TO_32_BIT_CONVERSION = YES;
				GCC_WARN_ABOUT_RETURN_TYPE = YES_ERROR;
				GCC_WARN_UNDECLARED_SELECTOR = YES;
				GCC_WARN_UNINITIALIZED_AUTOS = YES_AGGRESSIVE;
				GCC_WARN_UNUSED_FUNCTION = YES;
				GCC_WARN_UNUSED_VARIABLE = YES;
				IPHONEOS_DEPLOYMENT_TARGET = 13.2;
				MTL_ENABLE_DEBUG_INFO = INCLUDE_SOURCE;
				MTL_FAST_MATH = YES;
				ONLY_ACTIVE_ARCH = YES;
				SDKROOT = iphoneos;
				SWIFT_ACTIVE_COMPILATION_CONDITIONS = DEBUG;
				SWIFT_OPTIMIZATION_LEVEL = "-Onone";
			};
			name = Debug;
		};
		767086022405B7CB007F20FC /* Release */ = {
			isa = XCBuildConfiguration;
			buildSettings = {
				ALWAYS_SEARCH_USER_PATHS = NO;
				CLANG_ANALYZER_NONNULL = YES;
				CLANG_ANALYZER_NUMBER_OBJECT_CONVERSION = YES_AGGRESSIVE;
				CLANG_CXX_LANGUAGE_STANDARD = "gnu++14";
				CLANG_CXX_LIBRARY = "libc++";
				CLANG_ENABLE_MODULES = YES;
				CLANG_ENABLE_OBJC_ARC = YES;
				CLANG_ENABLE_OBJC_WEAK = YES;
				CLANG_WARN_BLOCK_CAPTURE_AUTORELEASING = YES;
				CLANG_WARN_BOOL_CONVERSION = YES;
				CLANG_WARN_COMMA = YES;
				CLANG_WARN_CONSTANT_CONVERSION = YES;
				CLANG_WARN_DEPRECATED_OBJC_IMPLEMENTATIONS = YES;
				CLANG_WARN_DIRECT_OBJC_ISA_USAGE = YES_ERROR;
				CLANG_WARN_DOCUMENTATION_COMMENTS = YES;
				CLANG_WARN_EMPTY_BODY = YES;
				CLANG_WARN_ENUM_CONVERSION = YES;
				CLANG_WARN_INFINITE_RECURSION = YES;
				CLANG_WARN_INT_CONVERSION = YES;
				CLANG_WARN_NON_LITERAL_NULL_CONVERSION = YES;
				CLANG_WARN_OBJC_IMPLICIT_RETAIN_SELF = YES;
				CLANG_WARN_OBJC_LITERAL_CONVERSION = YES;
				CLANG_WARN_OBJC_ROOT_CLASS = YES_ERROR;
				CLANG_WARN_RANGE_LOOP_ANALYSIS = YES;
				CLANG_WARN_STRICT_PROTOTYPES = YES;
				CLANG_WARN_SUSPICIOUS_MOVE = YES;
				CLANG_WARN_UNGUARDED_AVAILABILITY = YES_AGGRESSIVE;
				CLANG_WARN_UNREACHABLE_CODE = YES;
				CLANG_WARN__DUPLICATE_METHOD_MATCH = YES;
				COPY_PHASE_STRIP = NO;
				DEBUG_INFORMATION_FORMAT = "dwarf-with-dsym";
				ENABLE_NS_ASSERTIONS = NO;
				ENABLE_STRICT_OBJC_MSGSEND = YES;
				GCC_C_LANGUAGE_STANDARD = gnu11;
				GCC_NO_COMMON_BLOCKS = YES;
				GCC_WARN_64_TO_32_BIT_CONVERSION = YES;
				GCC_WARN_ABOUT_RETURN_TYPE = YES_ERROR;
				GCC_WARN_UNDECLARED_SELECTOR = YES;
				GCC_WARN_UNINITIALIZED_AUTOS = YES_AGGRESSIVE;
				GCC_WARN_UNUSED_FUNCTION = YES;
				GCC_WARN_UNUSED_VARIABLE = YES;
				IPHONEOS_DEPLOYMENT_TARGET = 13.2;
				MTL_ENABLE_DEBUG_INFO = NO;
				MTL_FAST_MATH = YES;
				SDKROOT = iphoneos;
				SWIFT_COMPILATION_MODE = wholemodule;
				SWIFT_OPTIMIZATION_LEVEL = "-O";
				VALIDATE_PRODUCT = YES;
			};
			name = Release;
		};
		767086042405B7CB007F20FC /* Debug */ = {
			isa = XCBuildConfiguration;
			buildSettings = {
				ASSETCATALOG_COMPILER_APPICON_NAME = AppIcon;
				CODE_SIGN_STYLE = Automatic;
				DEVELOPMENT_TEAM = VA7AYQTKEJ;
				INFOPLIST_FILE = AppUnit/Info.plist;
				LD_RUNPATH_SEARCH_PATHS = (
					"$(inherited)",
					"@executable_path/Frameworks",
				);
				PRODUCT_BUNDLE_IDENTIFIER = "com.unit-swift.AppUnit";
				PRODUCT_NAME = "$(TARGET_NAME)";
				SWIFT_VERSION = 5.0;
				TARGETED_DEVICE_FAMILY = "1,2";
			};
			name = Debug;
		};
		767086052405B7CB007F20FC /* Release */ = {
			isa = XCBuildConfiguration;
			buildSettings = {
				ASSETCATALOG_COMPILER_APPICON_NAME = AppIcon;
				CODE_SIGN_STYLE = Automatic;
				DEVELOPMENT_TEAM = VA7AYQTKEJ;
				INFOPLIST_FILE = AppUnit/Info.plist;
				LD_RUNPATH_SEARCH_PATHS = (
					"$(inherited)",
					"@executable_path/Frameworks",
				);
				PRODUCT_BUNDLE_IDENTIFIER = "com.unit-swift.AppUnit";
				PRODUCT_NAME = "$(TARGET_NAME)";
				SWIFT_VERSION = 5.0;
				TARGETED_DEVICE_FAMILY = "1,2";
			};
			name = Release;
		};
		767086072405B7CB007F20FC /* Debug */ = {
			isa = XCBuildConfiguration;
			buildSettings = {
				ALWAYS_EMBED_SWIFT_STANDARD_LIBRARIES = YES;
				BUNDLE_LOADER = "$(TEST_HOST)";
				CODE_SIGN_STYLE = Automatic;
				DEVELOPMENT_TEAM = VA7AYQTKEJ;
				INFOPLIST_FILE = AppUnitTests/Info.plist;
				IPHONEOS_DEPLOYMENT_TARGET = 13.2;
				LD_RUNPATH_SEARCH_PATHS = (
					"$(inherited)",
					"@executable_path/Frameworks",
					"@loader_path/Frameworks",
				);
				PRODUCT_BUNDLE_IDENTIFIER = "com.unit-swift.AppUnitTests";
				PRODUCT_NAME = "$(TARGET_NAME)";
				SWIFT_VERSION = 5.0;
				TARGETED_DEVICE_FAMILY = "1,2";
				TEST_HOST = "$(BUILT_PRODUCTS_DIR)/AppUnit.app/AppUnit";
			};
			name = Debug;
		};
		767086082405B7CB007F20FC /* Release */ = {
			isa = XCBuildConfiguration;
			buildSettings = {
				ALWAYS_EMBED_SWIFT_STANDARD_LIBRARIES = YES;
				BUNDLE_LOADER = "$(TEST_HOST)";
				CODE_SIGN_STYLE = Automatic;
				DEVELOPMENT_TEAM = VA7AYQTKEJ;
				INFOPLIST_FILE = AppUnitTests/Info.plist;
				IPHONEOS_DEPLOYMENT_TARGET = 13.2;
				LD_RUNPATH_SEARCH_PATHS = (
					"$(inherited)",
					"@executable_path/Frameworks",
					"@loader_path/Frameworks",
				);
				PRODUCT_BUNDLE_IDENTIFIER = "com.unit-swift.AppUnitTests";
				PRODUCT_NAME = "$(TARGET_NAME)";
				SWIFT_VERSION = 5.0;
				TARGETED_DEVICE_FAMILY = "1,2";
				TEST_HOST = "$(BUILT_PRODUCTS_DIR)/AppUnit.app/AppUnit";
			};
			name = Release;
		};
/* End XCBuildConfiguration section */

/* Begin XCConfigurationList section */
		767085DF2405B7C9007F20FC /* Build configuration list for PBXProject "AppUnit" */ = {
			isa = XCConfigurationList;
			buildConfigurations = (
				767086012405B7CB007F20FC /* Debug */,
				767086022405B7CB007F20FC /* Release */,
			);
			defaultConfigurationIsVisible = 0;
			defaultConfigurationName = Release;
		};
		767086032405B7CB007F20FC /* Build configuration list for PBXNativeTarget "AppUnit" */ = {
			isa = XCConfigurationList;
			buildConfigurations = (
				767086042405B7CB007F20FC /* Debug */,
				767086052405B7CB007F20FC /* Release */,
			);
			defaultConfigurationIsVisible = 0;
			defaultConfigurationName = Release;
		};
		767086062405B7CB007F20FC /* Build configuration list for PBXNativeTarget "AppUnitTests" */ = {
			isa = XCConfigurationList;
			buildConfigurations = (
				767086072405B7CB007F20FC /* Debug */,
				767086082405B7CB007F20FC /* Release */,
			);
			defaultConfigurationIsVisible = 0;
			defaultConfigurationName = Release;
		};
/* End XCConfigurationList section */
	};
	rootObject = 767085DC2405B7C9007F20FC /* Project object */;
}
